
Microsoft Visual Studio Solution File, Format Version 12.00
Project("{FAE04EC0-301F-11D3-BF4B-00C04F79EFBC}") = "MakeVolunteerGreatAgain", "MakeVolunteerGreatAgain\MakeVolunteerGreatAgain.csproj", "{B6333988-8848-4EDB-8A48-B633A634437C}"
EndProject
Global
	GlobalSection(SolutionConfigurationPlatforms) = preSolution
		Debug|Any CPU = Debug|Any CPU
		Release|Any CPU = Release|Any CPU
	EndGlobalSection
	GlobalSection(ProjectConfigurationPlatforms) = postSolution
		{B6333988-8848-4EDB-8A48-B633A634437C}.Debug|Any CPU.ActiveCfg = Debug|Any CPU
		{B6333988-8848-4EDB-8A48-B633A634437C}.Debug|Any CPU.Build.0 = Debug|Any CPU
		{B6333988-8848-4EDB-8A48-B633A634437C}.Release|Any CPU.ActiveCfg = Release|Any CPU
		{B6333988-8848-4EDB-8A48-B633A634437C}.Release|Any CPU.Build.0 = Release|Any CPU
	EndGlobalSection
EndGlobal
